{
  "name": "kenall-example-cjs",
  "version": "0.0.0",
  "lockfileVersion": 3,
  "requires": true,
  "packages": {
    "": {
      "name": "kenall-example-cjs",
      "version": "0.0.0",
      "license": "MIT",
      "dependencies": {
        "@ken-all/kenall": "file:../.."
      }
    },
    "../..": {
      "name": "@ken-all/kenall",
      "version": "2.5.0",
      "license": "MIT",
      "dependencies": {
        "zod": "^4.4.0"
      },
      "devDependencies": {
        "@biomejs/biome": "^2.4.15",
        "@rollup/plugin-commonjs": "^29.0.0",
        "@rollup/plugin-json": "^6.1.0",
        "@rollup/plugin-node-resolve": "^16.0.0",
        "@rollup/plugin-terser": "^1.0.0",
        "@rollup/plugin-typescript": "^12.3.0",
        "rollup": "^4.60.0",
        "rollup-plugin-license": "^3.7.0",
        "typedoc": "^0.28.0",
        "typedoc-plugin-localization": "^3.1.0",
        "typescript": "^6.0.0",
        "vitest": "^3.0.0"
      },
      "engines": {
        "node": ">= 20"
      }
    },
    "node_modules/@ken-all/kenall": {
      "resolved": "../..",
      "link": true
    }
  }
}
